// !$*UTF8*$!
{
	archiveVersion = 1;
	classes = {
	};
	objectVersion = 51;
	objects = {

/* Begin PBXBuildFile section */
		5B80C3B84892A58ABDD6B09F /* Pods_INT.framework in Frameworks */ = {isa = PBXBuildFile; fileRef = 4D9380BAFB751BD738B0B8B8 /* Pods_INT.framework */; };
		D91848E426D33A120078C55C /* Person.m in Sources */ = {isa = PBXBuildFile; fileRef = D91848E326D33A120078C55C /* Person.m */; };
		D92B785826D6870B00217013 /* ThreadController.m in Sources */ = {isa = PBXBuildFile; fileRef = D92B785726D6870B00217013 /* ThreadController.m */; };
		D92B785B26D689A000217013 /* YHThread.m in Sources */ = {isa = PBXBuildFile; fileRef = D92B785A26D689A000217013 /* YHThread.m */; };
		D994308C26D8E3D500950695 /* RuntimeController.m in Sources */ = {isa = PBXBuildFile; fileRef = D994308B26D8E3D500950695 /* RuntimeController.m */; };
		D9A71D8E26DCBED600A1AE3F /* KeyWordController.m in Sources */ = {isa = PBXBuildFile; fileRef = D9A71D8D26DCBED600A1AE3F /* KeyWordController.m */; };
		D9ABFBFD26E7113300BAD835 /* CategoryController.m in Sources */ = {isa = PBXBuildFile; fileRef = D9ABFBFC26E7113300BAD835 /* CategoryController.m */; };
		D9ABFC0026E84CE600BAD835 /* LeaksController.m in Sources */ = {isa = PBXBuildFile; fileRef = D9ABFBFF26E84CE600BAD835 /* LeaksController.m */; };
		D9ABFC0626E84D7E00BAD835 /* UIViewController+Leaks.m in Sources */ = {isa = PBXBuildFile; fileRef = D9ABFC0526E84D7E00BAD835 /* UIViewController+Leaks.m */; };
		D9ABFC0C26E84F7100BAD835 /* YHHook.m in Sources */ = {isa = PBXBuildFile; fileRef = D9ABFC0B26E84F7100BAD835 /* YHHook.m */; };
		D9ABFC0F26E85DD600BAD835 /* UINavigationController+Leaks.m in Sources */ = {isa = PBXBuildFile; fileRef = D9ABFC0E26E85DD600BAD835 /* UINavigationController+Leaks.m */; };
		D9B6455926E2123F00F56C8C /* MemoryController.m in Sources */ = {isa = PBXBuildFile; fileRef = D9B6455826E2123F00F56C8C /* MemoryController.m */; };
		D9B6455C26E212AC00F56C8C /* AssociatedController.m in Sources */ = {isa = PBXBuildFile; fileRef = D9B6455B26E212AC00F56C8C /* AssociatedController.m */; };
		D9BB4F6926CE2E7A00BB7914 /* Assets.xcassets in Resources */ = {isa = PBXBuildFile; fileRef = D9BB4F6826CE2E7A00BB7914 /* Assets.xcassets */; };
		D9BB4F6C26CE2E7A00BB7914 /* LaunchScreen.storyboard in Resources */ = {isa = PBXBuildFile; fileRef = D9BB4F6A26CE2E7A00BB7914 /* LaunchScreen.storyboard */; };
		D9BB4F7626CE2EC100BB7914 /* AppDelegate.swift in Sources */ = {isa = PBXBuildFile; fileRef = D9BB4F7426CE2EC100BB7914 /* AppDelegate.swift */; };
		D9BB4F7726CE2EC100BB7914 /* SceneDelegate.swift in Sources */ = {isa = PBXBuildFile; fileRef = D9BB4F7526CE2EC100BB7914 /* SceneDelegate.swift */; };
		D9BB4F7926CE2EDE00BB7914 /* BaseViewController.swift in Sources */ = {isa = PBXBuildFile; fileRef = D9BB4F7826CE2EDE00BB7914 /* BaseViewController.swift */; };
		D9BB4F7C26CE2F2000BB7914 /* HomeController.swift in Sources */ = {isa = PBXBuildFile; fileRef = D9BB4F7B26CE2F2000BB7914 /* HomeController.swift */; };
		D9BB4F7E26CE2F7E00BB7914 /* YHNavigationController.swift in Sources */ = {isa = PBXBuildFile; fileRef = D9BB4F7D26CE2F7E00BB7914 /* YHNavigationController.swift */; };
		D9BB4F8526CE33C000BB7914 /* DescriptionProtocol.swift in Sources */ = {isa = PBXBuildFile; fileRef = D9BB4F8026CE33C000BB7914 /* DescriptionProtocol.swift */; };
		D9BB4F8626CE33C000BB7914 /* Logging.swift in Sources */ = {isa = PBXBuildFile; fileRef = D9BB4F8126CE33C000BB7914 /* Logging.swift */; };
		D9BB4F8726CE33C000BB7914 /* AppInfo.swift in Sources */ = {isa = PBXBuildFile; fileRef = D9BB4F8226CE33C000BB7914 /* AppInfo.swift */; };
		D9BB4F8826CE33C000BB7914 /* Define.swift in Sources */ = {isa = PBXBuildFile; fileRef = D9BB4F8326CE33C000BB7914 /* Define.swift */; };
		D9BB4F8926CE33C000BB7914 /* Style.swift in Sources */ = {isa = PBXBuildFile; fileRef = D9BB4F8426CE33C000BB7914 /* Style.swift */; };
		D9BB4F8C26CE349400BB7914 /* UIColor+YH.swift in Sources */ = {isa = PBXBuildFile; fileRef = D9BB4F8B26CE349400BB7914 /* UIColor+YH.swift */; };
		D9BB4F8E26CE369600BB7914 /* Bundle+YH.swift in Sources */ = {isa = PBXBuildFile; fileRef = D9BB4F8D26CE369600BB7914 /* Bundle+YH.swift */; };
		D9BB4F9026CE373800BB7914 /* CFunc.swift in Sources */ = {isa = PBXBuildFile; fileRef = D9BB4F8F26CE373800BB7914 /* CFunc.swift */; };
		D9BB4F9526CE404F00BB7914 /* GCDController.m in Sources */ = {isa = PBXBuildFile; fileRef = D9BB4F9426CE404F00BB7914 /* GCDController.m */; };
		D9BB4F9B26CE443A00BB7914 /* OCBaseController.m in Sources */ = {isa = PBXBuildFile; fileRef = D9BB4F9A26CE443A00BB7914 /* OCBaseController.m */; };
		D9BB4F9E26CE459300BB7914 /* RunLoopController.m in Sources */ = {isa = PBXBuildFile; fileRef = D9BB4F9D26CE459300BB7914 /* RunLoopController.m */; };
		D9BB4FA126CE45A800BB7914 /* BlockController.m in Sources */ = {isa = PBXBuildFile; fileRef = D9BB4FA026CE45A800BB7914 /* BlockController.m */; };
		D9BB4FA426CE461000BB7914 /* EventResponderController.m in Sources */ = {isa = PBXBuildFile; fileRef = D9BB4FA326CE461000BB7914 /* EventResponderController.m */; };
/* End PBXBuildFile section */

/* Begin PBXFileReference section */
		4D9380BAFB751BD738B0B8B8 /* Pods_INT.framework */ = {isa = PBXFileReference; explicitFileType = wrapper.framework; includeInIndex = 0; path = Pods_INT.framework; sourceTree = BUILT_PRODUCTS_DIR; };
		7BBB6EC7DE8902F55995EC27 /* Pods-INT.debug.xcconfig */ = {isa = PBXFileReference; includeInIndex = 1; lastKnownFileType = text.xcconfig; name = "Pods-INT.debug.xcconfig"; path = "Target Support Files/Pods-INT/Pods-INT.debug.xcconfig"; sourceTree = "<group>"; };
		D91848E226D33A120078C55C /* Person.h */ = {isa = PBXFileReference; lastKnownFileType = sourcecode.c.h; path = Person.h; sourceTree = "<group>"; };
		D91848E326D33A120078C55C /* Person.m */ = {isa = PBXFileReference; lastKnownFileType = sourcecode.c.objc; path = Person.m; sourceTree = "<group>"; };
		D92B785626D6870B00217013 /* ThreadController.h */ = {isa = PBXFileReference; lastKnownFileType = sourcecode.c.h; path = ThreadController.h; sourceTree = "<group>"; };
		D92B785726D6870B00217013 /* ThreadController.m */ = {isa = PBXFileReference; lastKnownFileType = sourcecode.c.objc; path = ThreadController.m; sourceTree = "<group>"; };
		D92B785926D689A000217013 /* YHThread.h */ = {isa = PBXFileReference; lastKnownFileType = sourcecode.c.h; path = YHThread.h; sourceTree = "<group>"; };
		D92B785A26D689A000217013 /* YHThread.m */ = {isa = PBXFileReference; lastKnownFileType = sourcecode.c.objc; path = YHThread.m; sourceTree = "<group>"; };
		D9473B45EEE48E5E481CDEB7 /* Pods-INT.release.xcconfig */ = {isa = PBXFileReference; includeInIndex = 1; lastKnownFileType = text.xcconfig; name = "Pods-INT.release.xcconfig"; path = "Target Support Files/Pods-INT/Pods-INT.release.xcconfig"; sourceTree = "<group>"; };
		D994308A26D8E3D500950695 /* RuntimeController.h */ = {isa = PBXFileReference; lastKnownFileType = sourcecode.c.h; path = RuntimeController.h; sourceTree = "<group>"; };
		D994308B26D8E3D500950695 /* RuntimeController.m */ = {isa = PBXFileReference; lastKnownFileType = sourcecode.c.objc; path = RuntimeController.m; sourceTree = "<group>"; };
		D9A71D8C26DCBED600A1AE3F /* KeyWordController.h */ = {isa = PBXFileReference; lastKnownFileType = sourcecode.c.h; path = KeyWordController.h; sourceTree = "<group>"; };
		D9A71D8D26DCBED600A1AE3F /* KeyWordController.m */ = {isa = PBXFileReference; lastKnownFileType = sourcecode.c.objc; path = KeyWordController.m; sourceTree = "<group>"; };
		D9ABFBFB26E7113300BAD835 /* CategoryController.h */ = {isa = PBXFileReference; lastKnownFileType = sourcecode.c.h; path = CategoryController.h; sourceTree = "<group>"; };
		D9ABFBFC26E7113300BAD835 /* CategoryController.m */ = {isa = PBXFileReference; lastKnownFileType = sourcecode.c.objc; path = CategoryController.m; sourceTree = "<group>"; };
		D9ABFBFE26E84CE600BAD835 /* LeaksController.h */ = {isa = PBXFileReference; lastKnownFileType = sourcecode.c.h; path = LeaksController.h; sourceTree = "<group>"; };
		D9ABFBFF26E84CE600BAD835 /* LeaksController.m */ = {isa = PBXFileReference; lastKnownFileType = sourcecode.c.objc; path = LeaksController.m; sourceTree = "<group>"; };
		D9ABFC0426E84D7E00BAD835 /* UIViewController+Leaks.h */ = {isa = PBXFileReference; lastKnownFileType = sourcecode.c.h; path = "UIViewController+Leaks.h"; sourceTree = "<group>"; };
		D9ABFC0526E84D7E00BAD835 /* UIViewController+Leaks.m */ = {isa = PBXFileReference; lastKnownFileType = sourcecode.c.objc; path = "UIViewController+Leaks.m"; sourceTree = "<group>"; };
		D9ABFC0A26E84F7100BAD835 /* YHHook.h */ = {isa = PBXFileReference; lastKnownFileType = sourcecode.c.h; path = YHHook.h; sourceTree = "<group>"; };
		D9ABFC0B26E84F7100BAD835 /* YHHook.m */ = {isa = PBXFileReference; lastKnownFileType = sourcecode.c.objc; path = YHHook.m; sourceTree = "<group>"; };
		D9ABFC0D26E85DD600BAD835 /* UINavigationController+Leaks.h */ = {isa = PBXFileReference; lastKnownFileType = sourcecode.c.h; path = "UINavigationController+Leaks.h"; sourceTree = "<group>"; };
		D9ABFC0E26E85DD600BAD835 /* UINavigationController+Leaks.m */ = {isa = PBXFileReference; lastKnownFileType = sourcecode.c.objc; path = "UINavigationController+Leaks.m"; sourceTree = "<group>"; };
		D9B6455726E2123F00F56C8C /* MemoryController.h */ = {isa = PBXFileReference; lastKnownFileType = sourcecode.c.h; path = MemoryController.h; sourceTree = "<group>"; };
		D9B6455826E2123F00F56C8C /* MemoryController.m */ = {isa = PBXFileReference; lastKnownFileType = sourcecode.c.objc; path = MemoryController.m; sourceTree = "<group>"; };
		D9B6455A26E212AC00F56C8C /* AssociatedController.h */ = {isa = PBXFileReference; lastKnownFileType = sourcecode.c.h; path = AssociatedController.h; sourceTree = "<group>"; };
		D9B6455B26E212AC00F56C8C /* AssociatedController.m */ = {isa = PBXFileReference; lastKnownFileType = sourcecode.c.objc; path = AssociatedController.m; sourceTree = "<group>"; };
		D9BB4F5C26CE2E7700BB7914 /* INT.app */ = {isa = PBXFileReference; explicitFileType = wrapper.application; includeInIndex = 0; path = INT.app; sourceTree = BUILT_PRODUCTS_DIR; };
		D9BB4F6826CE2E7A00BB7914 /* Assets.xcassets */ = {isa = PBXFileReference; lastKnownFileType = folder.assetcatalog; path = Assets.xcassets; sourceTree = "<group>"; };
		D9BB4F6B26CE2E7A00BB7914 /* Base */ = {isa = PBXFileReference; lastKnownFileType = file.storyboard; name = Base; path = Base.lproj/LaunchScreen.storyboard; sourceTree = "<group>"; };
		D9BB4F6D26CE2E7A00BB7914 /* Info.plist */ = {isa = PBXFileReference; lastKnownFileType = text.plist.xml; path = Info.plist; sourceTree = "<group>"; };
		D9BB4F7426CE2EC100BB7914 /* AppDelegate.swift */ = {isa = PBXFileReference; fileEncoding = 4; lastKnownFileType = sourcecode.swift; path = AppDelegate.swift; sourceTree = "<group>"; };
		D9BB4F7526CE2EC100BB7914 /* SceneDelegate.swift */ = {isa = PBXFileReference; fileEncoding = 4; lastKnownFileType = sourcecode.swift; path = SceneDelegate.swift; sourceTree = "<group>"; };
		D9BB4F7826CE2EDE00BB7914 /* BaseViewController.swift */ = {isa = PBXFileReference; lastKnownFileType = sourcecode.swift; path = BaseViewController.swift; sourceTree = "<group>"; };
		D9BB4F7B26CE2F2000BB7914 /* HomeController.swift */ = {isa = PBXFileReference; lastKnownFileType = sourcecode.swift; path = HomeController.swift; sourceTree = "<group>"; };
		D9BB4F7D26CE2F7E00BB7914 /* YHNavigationController.swift */ = {isa = PBXFileReference; lastKnownFileType = sourcecode.swift; path = YHNavigationController.swift; sourceTree = "<group>"; };
		D9BB4F8026CE33C000BB7914 /* DescriptionProtocol.swift */ = {isa = PBXFileReference; fileEncoding = 4; lastKnownFileType = sourcecode.swift; path = DescriptionProtocol.swift; sourceTree = "<group>"; };
		D9BB4F8126CE33C000BB7914 /* Logging.swift */ = {isa = PBXFileReference; fileEncoding = 4; lastKnownFileType = sourcecode.swift; path = Logging.swift; sourceTree = "<group>"; };
		D9BB4F8226CE33C000BB7914 /* AppInfo.swift */ = {isa = PBXFileReference; fileEncoding = 4; lastKnownFileType = sourcecode.swift; path = AppInfo.swift; sourceTree = "<group>"; };
		D9BB4F8326CE33C000BB7914 /* Define.swift */ = {isa = PBXFileReference; fileEncoding = 4; lastKnownFileType = sourcecode.swift; path = Define.swift; sourceTree = "<group>"; };
		D9BB4F8426CE33C000BB7914 /* Style.swift */ = {isa = PBXFileReference; fileEncoding = 4; lastKnownFileType = sourcecode.swift; path = Style.swift; sourceTree = "<group>"; };
		D9BB4F8B26CE349400BB7914 /* UIColor+YH.swift */ = {isa = PBXFileReference; lastKnownFileType = sourcecode.swift; path = "UIColor+YH.swift"; sourceTree = "<group>"; };
		D9BB4F8D26CE369600BB7914 /* Bundle+YH.swift */ = {isa = PBXFileReference; lastKnownFileType = sourcecode.swift; path = "Bundle+YH.swift"; sourceTree = "<group>"; };
		D9BB4F8F26CE373800BB7914 /* CFunc.swift */ = {isa = PBXFileReference; lastKnownFileType = sourcecode.swift; path = CFunc.swift; sourceTree = "<group>"; };
		D9BB4F9326CE404F00BB7914 /* GCDController.h */ = {isa = PBXFileReference; lastKnownFileType = sourcecode.c.h; path = GCDController.h; sourceTree = "<group>"; };
		D9BB4F9426CE404F00BB7914 /* GCDController.m */ = {isa = PBXFileReference; lastKnownFileType = sourcecode.c.objc; path = GCDController.m; sourceTree = "<group>"; };
		D9BB4F9726CE40AA00BB7914 /* INT-Bridging-Header.h */ = {isa = PBXFileReference; fileEncoding = 4; lastKnownFileType = sourcecode.c.h; path = "INT-Bridging-Header.h"; sourceTree = "<group>"; };
		D9BB4F9826CE410300BB7914 /* macro.h */ = {isa = PBXFileReference; lastKnownFileType = sourcecode.c.h; path = macro.h; sourceTree = "<group>"; };
		D9BB4F9926CE443A00BB7914 /* OCBaseController.h */ = {isa = PBXFileReference; lastKnownFileType = sourcecode.c.h; path = OCBaseController.h; sourceTree = "<group>"; };
		D9BB4F9A26CE443A00BB7914 /* OCBaseController.m */ = {isa = PBXFileReference; lastKnownFileType = sourcecode.c.objc; path = OCBaseController.m; sourceTree = "<group>"; };
		D9BB4F9C26CE459300BB7914 /* RunLoopController.h */ = {isa = PBXFileReference; lastKnownFileType = sourcecode.c.h; path = RunLoopController.h; sourceTree = "<group>"; };
		D9BB4F9D26CE459300BB7914 /* RunLoopController.m */ = {isa = PBXFileReference; lastKnownFileType = sourcecode.c.objc; path = RunLoopController.m; sourceTree = "<group>"; };
		D9BB4F9F26CE45A800BB7914 /* BlockController.h */ = {isa = PBXFileReference; lastKnownFileType = sourcecode.c.h; path = BlockController.h; sourceTree = "<group>"; };
		D9BB4FA026CE45A800BB7914 /* BlockController.m */ = {isa = PBXFileReference; lastKnownFileType = sourcecode.c.objc; path = BlockController.m; sourceTree = "<group>"; };
		D9BB4FA226CE461000BB7914 /* EventResponderController.h */ = {isa = PBXFileReference; lastKnownFileType = sourcecode.c.h; path = EventResponderController.h; sourceTree = "<group>"; };
		D9BB4FA326CE461000BB7914 /* EventResponderController.m */ = {isa = PBXFileReference; lastKnownFileType = sourcecode.c.objc; path = EventResponderController.m; sourceTree = "<group>"; };
/* End PBXFileReference section */

/* Begin PBXFrameworksBuildPhase section */
		D9BB4F5926CE2E7700BB7914 /* Frameworks */ = {
			isa = PBXFrameworksBuildPhase;
			buildActionMask = 2147483647;
			files = (
				5B80C3B84892A58ABDD6B09F /* Pods_INT.framework in Frameworks */,
			);
			runOnlyForDeploymentPostprocessing = 0;
		};
/* End PBXFrameworksBuildPhase section */

/* Begin PBXGroup section */
		12A7BD9D5F48E554EFDF13A8 /* Pods */ = {
			isa = PBXGroup;
			children = (
				7BBB6EC7DE8902F55995EC27 /* Pods-INT.debug.xcconfig */,
				D9473B45EEE48E5E481CDEB7 /* Pods-INT.release.xcconfig */,
			);
			path = Pods;
			sourceTree = "<group>";
		};
		D5C736D106CAC6FE5DE7DE0F /* Frameworks */ = {
			isa = PBXGroup;
			children = (
				4D9380BAFB751BD738B0B8B8 /* Pods_INT.framework */,
			);
			name = Frameworks;
			sourceTree = "<group>";
		};
		D91848E126D33A000078C55C /* Model */ = {
			isa = PBXGroup;
			children = (
				D91848E226D33A120078C55C /* Person.h */,
				D91848E326D33A120078C55C /* Person.m */,
				D92B785926D689A000217013 /* YHThread.h */,
				D92B785A26D689A000217013 /* YHThread.m */,
			);
			path = Model;
			sourceTree = "<group>";
		};
		D9BB4F5326CE2E7700BB7914 = {
			isa = PBXGroup;
			children = (
				D9BB4F5E26CE2E7700BB7914 /* INT */,
				D9BB4F5D26CE2E7700BB7914 /* Products */,
				12A7BD9D5F48E554EFDF13A8 /* Pods */,
				D5C736D106CAC6FE5DE7DE0F /* Frameworks */,
			);
			sourceTree = "<group>";
		};
		D9BB4F5D26CE2E7700BB7914 /* Products */ = {
			isa = PBXGroup;
			children = (
				D9BB4F5C26CE2E7700BB7914 /* INT.app */,
			);
			name = Products;
			sourceTree = "<group>";
		};
		D9BB4F5E26CE2E7700BB7914 /* INT */ = {
			isa = PBXGroup;
			children = (
				D91848E126D33A000078C55C /* Model */,
				D9BB4F9126CE3F4E00BB7914 /* Business */,
				D9BB4F7A26CE2EFF00BB7914 /* Home */,
				D9BB4F7326CE2EC100BB7914 /* Main */,
				D9BB4F7F26CE33C000BB7914 /* Utilities */,
				D9BB4F8A26CE347900BB7914 /* Extension */,
				D9BB4F6826CE2E7A00BB7914 /* Assets.xcassets */,
				D9BB4F6A26CE2E7A00BB7914 /* LaunchScreen.storyboard */,
				D9BB4F6D26CE2E7A00BB7914 /* Info.plist */,
				D9BB4F9626CE407C00BB7914 /* SupportingFile */,
			);
			path = INT;
			sourceTree = "<group>";
		};
		D9BB4F7326CE2EC100BB7914 /* Main */ = {
			isa = PBXGroup;
			children = (
				D9BB4F7426CE2EC100BB7914 /* AppDelegate.swift */,
				D9BB4F7526CE2EC100BB7914 /* SceneDelegate.swift */,
				D9BB4F7826CE2EDE00BB7914 /* BaseViewController.swift */,
				D9BB4F7D26CE2F7E00BB7914 /* YHNavigationController.swift */,
				D9BB4F9926CE443A00BB7914 /* OCBaseController.h */,
				D9BB4F9A26CE443A00BB7914 /* OCBaseController.m */,
			);
			path = Main;
			sourceTree = "<group>";
		};
		D9BB4F7A26CE2EFF00BB7914 /* Home */ = {
			isa = PBXGroup;
			children = (
				D9BB4F7B26CE2F2000BB7914 /* HomeController.swift */,
			);
			path = Home;
			sourceTree = "<group>";
		};
		D9BB4F7F26CE33C000BB7914 /* Utilities */ = {
			isa = PBXGroup;
			children = (
				D9BB4F8026CE33C000BB7914 /* DescriptionProtocol.swift */,
				D9BB4F8126CE33C000BB7914 /* Logging.swift */,
				D9BB4F8226CE33C000BB7914 /* AppInfo.swift */,
				D9BB4F8326CE33C000BB7914 /* Define.swift */,
				D9BB4F8426CE33C000BB7914 /* Style.swift */,
				D9BB4F8F26CE373800BB7914 /* CFunc.swift */,
				D9BB4F9826CE410300BB7914 /* macro.h */,
				D9ABFC0A26E84F7100BAD835 /* YHHook.h */,
				D9ABFC0B26E84F7100BAD835 /* YHHook.m */,
			);
			path = Utilities;
			sourceTree = "<group>";
		};
		D9BB4F8A26CE347900BB7914 /* Extension */ = {
			isa = PBXGroup;
			children = (
				D9BB4F8B26CE349400BB7914 /* UIColor+YH.swift */,
				D9BB4F8D26CE369600BB7914 /* Bundle+YH.swift */,
			);
			path = Extension;
			sourceTree = "<group>";
		};
		D9BB4F9126CE3F4E00BB7914 /* Business */ = {
			isa = PBXGroup;
			children = (
				D9BB4F9326CE404F00BB7914 /* GCDController.h */,
				D9BB4F9426CE404F00BB7914 /* GCDController.m */,
				D9BB4F9C26CE459300BB7914 /* RunLoopController.h */,
				D9BB4F9D26CE459300BB7914 /* RunLoopController.m */,
				D9BB4F9F26CE45A800BB7914 /* BlockController.h */,
				D9BB4FA026CE45A800BB7914 /* BlockController.m */,
				D9BB4FA226CE461000BB7914 /* EventResponderController.h */,
				D9BB4FA326CE461000BB7914 /* EventResponderController.m */,
				D92B785626D6870B00217013 /* ThreadController.h */,
				D92B785726D6870B00217013 /* ThreadController.m */,
				D994308A26D8E3D500950695 /* RuntimeController.h */,
				D994308B26D8E3D500950695 /* RuntimeController.m */,
				D9A71D8C26DCBED600A1AE3F /* KeyWordController.h */,
				D9A71D8D26DCBED600A1AE3F /* KeyWordController.m */,
				D9B6455726E2123F00F56C8C /* MemoryController.h */,
				D9B6455826E2123F00F56C8C /* MemoryController.m */,
				D9B6455A26E212AC00F56C8C /* AssociatedController.h */,
				D9B6455B26E212AC00F56C8C /* AssociatedController.m */,
				D9ABFBFB26E7113300BAD835 /* CategoryController.h */,
				D9ABFBFC26E7113300BAD835 /* CategoryController.m */,
				D9ABFBFE26E84CE600BAD835 /* LeaksController.h */,
				D9ABFBFF26E84CE600BAD835 /* LeaksController.m */,
				D9ABFC0426E84D7E00BAD835 /* UIViewController+Leaks.h */,
				D9ABFC0526E84D7E00BAD835 /* UIViewController+Leaks.m */,
				D9ABFC0D26E85DD600BAD835 /* UINavigationController+Leaks.h */,
				D9ABFC0E26E85DD600BAD835 /* UINavigationController+Leaks.m */,
			);
			path = Business;
			sourceTree = "<group>";
		};
		D9BB4F9626CE407C00BB7914 /* SupportingFile */ = {
			isa = PBXGroup;
			children = (
				D9BB4F9726CE40AA00BB7914 /* INT-Bridging-Header.h */,
			);
			path = SupportingFile;
			sourceTree = "<group>";
		};
/* End PBXGroup section */

/* Begin PBXNativeTarget section */
		D9BB4F5B26CE2E7700BB7914 /* INT */ = {
			isa = PBXNativeTarget;
			buildConfigurationList = D9BB4F7026CE2E7A00BB7914 /* Build configuration list for PBXNativeTarget "INT" */;
			buildPhases = (
				888616A8C4EF493C810E67E0 /* [CP] Check Pods Manifest.lock */,
				D9BB4F5826CE2E7700BB7914 /* Sources */,
				D9BB4F5926CE2E7700BB7914 /* Frameworks */,
				D9BB4F5A26CE2E7700BB7914 /* Resources */,
				8A4B795AB864F26D4FE524FB /* [CP] Embed Pods Frameworks */,
			);
			buildRules = (
			);
			dependencies = (
			);
			name = INT;
			productName = INT;
			productReference = D9BB4F5C26CE2E7700BB7914 /* INT.app */;
			productType = "com.apple.product-type.application";
		};
/* End PBXNativeTarget section */

/* Begin PBXProject section */
		D9BB4F5426CE2E7700BB7914 /* Project object */ = {
			isa = PBXProject;
			attributes = {
				LastSwiftUpdateCheck = 1250;
				LastUpgradeCheck = 1250;
				TargetAttributes = {
					D9BB4F5B26CE2E7700BB7914 = {
						CreatedOnToolsVersion = 12.5.1;
						LastSwiftMigration = 1250;
					};
				};
			};
			buildConfigurationList = D9BB4F5726CE2E7700BB7914 /* Build configuration list for PBXProject "INT" */;
			compatibilityVersion = "Xcode 9.3";
			developmentRegion = en;
			hasScannedForEncodings = 0;
			knownRegions = (
				en,
				Base,
			);
			mainGroup = D9BB4F5326CE2E7700BB7914;
			productRefGroup = D9BB4F5D26CE2E7700BB7914 /* Products */;
			projectDirPath = "";
			projectRoot = "";
			targets = (
				D9BB4F5B26CE2E7700BB7914 /* INT */,
			);
		};
/* End PBXProject section */

/* Begin PBXResourcesBuildPhase section */
		D9BB4F5A26CE2E7700BB7914 /* Resources */ = {
			isa = PBXResourcesBuildPhase;
			buildActionMask = 2147483647;
			files = (
				D9BB4F6C26CE2E7A00BB7914 /* LaunchScreen.storyboard in Resources */,
				D9BB4F6926CE2E7A00BB7914 /* Assets.xcassets in Resources */,
			);
			runOnlyForDeploymentPostprocessing = 0;
		};
/* End PBXResourcesBuildPhase section */

/* Begin PBXShellScriptBuildPhase section */
		888616A8C4EF493C810E67E0 /* [CP] Check Pods Manifest.lock */ = {
			isa = PBXShellScriptBuildPhase;
			buildActionMask = 2147483647;
			files = (
			);
			inputFileListPaths = (
			);
			inputPaths = (
				"${PODS_PODFILE_DIR_PATH}/Podfile.lock",
				"${PODS_ROOT}/Manifest.lock",
			);
			name = "[CP] Check Pods Manifest.lock";
			outputFileListPaths = (
			);
			outputPaths = (
				"$(DERIVED_FILE_DIR)/Pods-INT-checkManifestLockResult.txt",
			);
			runOnlyForDeploymentPostprocessing = 0;
			shellPath = /bin/sh;
			shellScript = "diff \"${PODS_PODFILE_DIR_PATH}/Podfile.lock\" \"${PODS_ROOT}/Manifest.lock\" > /dev/null\nif [ $? != 0 ] ; then\n    # print error to STDERR\n    echo \"error: The sandbox is not in sync with the Podfile.lock. Run 'pod install' or update your CocoaPods installation.\" >&2\n    exit 1\nfi\n# This output is used by Xcode 'outputs' to avoid re-running this script phase.\necho \"SUCCESS\" > \"${SCRIPT_OUTPUT_FILE_0}\"\n";
			showEnvVarsInLog = 0;
		};
		8A4B795AB864F26D4FE524FB /* [CP] Embed Pods Frameworks */ = {
			isa = PBXShellScriptBuildPhase;
			buildActionMask = 2147483647;
			files = (
			);
			inputFileListPaths = (
				"${PODS_ROOT}/Target Support Files/Pods-INT/Pods-INT-frameworks-${CONFIGURATION}-input-files.xcfilelist",
			);
			name = "[CP] Embed Pods Frameworks";
			outputFileListPaths = (
				"${PODS_ROOT}/Target Support Files/Pods-INT/Pods-INT-frameworks-${CONFIGURATION}-output-files.xcfilelist",
			);
			runOnlyForDeploymentPostprocessing = 0;
			shellPath = /bin/sh;
			shellScript = "\"${PODS_ROOT}/Target Support Files/Pods-INT/Pods-INT-frameworks.sh\"\n";
			showEnvVarsInLog = 0;
		};
/* End PBXShellScriptBuildPhase section */

/* Begin PBXSourcesBuildPhase section */
		D9BB4F5826CE2E7700BB7914 /* Sources */ = {
			isa = PBXSourcesBuildPhase;
			buildActionMask = 2147483647;
			files = (
				D9ABFC0C26E84F7100BAD835 /* YHHook.m in Sources */,
				D9BB4F8E26CE369600BB7914 /* Bundle+YH.swift in Sources */,
				D9BB4F9E26CE459300BB7914 /* RunLoopController.m in Sources */,
				D9B6455926E2123F00F56C8C /* MemoryController.m in Sources */,
				D91848E426D33A120078C55C /* Person.m in Sources */,
				D9BB4F8526CE33C000BB7914 /* DescriptionProtocol.swift in Sources */,
				D9BB4FA126CE45A800BB7914 /* BlockController.m in Sources */,
				D9BB4F8826CE33C000BB7914 /* Define.swift in Sources */,
				D9BB4F9026CE373800BB7914 /* CFunc.swift in Sources */,
				D9BB4F7E26CE2F7E00BB7914 /* YHNavigationController.swift in Sources */,
				D9ABFC0F26E85DD600BAD835 /* UINavigationController+Leaks.m in Sources */,
				D9BB4F7C26CE2F2000BB7914 /* HomeController.swift in Sources */,
				D92B785826D6870B00217013 /* ThreadController.m in Sources */,
				D9A71D8E26DCBED600A1AE3F /* KeyWordController.m in Sources */,
				D9BB4F9526CE404F00BB7914 /* GCDController.m in Sources */,
				D9BB4F9B26CE443A00BB7914 /* OCBaseController.m in Sources */,
				D92B785B26D689A000217013 /* YHThread.m in Sources */,
				D9BB4F8626CE33C000BB7914 /* Logging.swift in Sources */,
				D9ABFC0026E84CE600BAD835 /* LeaksController.m in Sources */,
				D994308C26D8E3D500950695 /* RuntimeController.m in Sources */,
				D9BB4FA426CE461000BB7914 /* EventResponderController.m in Sources */,
				D9BB4F7626CE2EC100BB7914 /* AppDelegate.swift in Sources */,
				D9BB4F8726CE33C000BB7914 /* AppInfo.swift in Sources */,
				D9BB4F7726CE2EC100BB7914 /* SceneDelegate.swift in Sources */,
				D9BB4F7926CE2EDE00BB7914 /* BaseViewController.swift in Sources */,
				D9ABFC0626E84D7E00BAD835 /* UIViewController+Leaks.m in Sources */,
				D9B6455C26E212AC00F56C8C /* AssociatedController.m in Sources */,
				D9ABFBFD26E7113300BAD835 /* CategoryController.m in Sources */,
				D9BB4F8C26CE349400BB7914 /* UIColor+YH.swift in Sources */,
				D9BB4F8926CE33C000BB7914 /* Style.swift in Sources */,
			);
			runOnlyForDeploymentPostprocessing = 0;
		};
/* End PBXSourcesBuildPhase section */

/* Begin PBXVariantGroup section */
		D9BB4F6A26CE2E7A00BB7914 /* LaunchScreen.storyboard */ = {
			isa = PBXVariantGroup;
			children = (
				D9BB4F6B26CE2E7A00BB7914 /* Base */,
			);
			name = LaunchScreen.storyboard;
			sourceTree = "<group>";
		};
/* End PBXVariantGroup section */

/* Begin XCBuildConfiguration section */
		D9BB4F6E26CE2E7A00BB7914 /* Debug */ = {
			isa = XCBuildConfiguration;
			buildSettings = {
				ALWAYS_SEARCH_USER_PATHS = NO;
				CLANG_ANALYZER_NONNULL = YES;
				CLANG_ANALYZER_NUMBER_OBJECT_CONVERSION = YES_AGGRESSIVE;
				CLANG_CXX_LANGUAGE_STANDARD = "gnu++14";
				CLANG_CXX_LIBRARY = "libc++";
				CLANG_ENABLE_MODULES = YES;
				CLANG_ENABLE_OBJC_ARC = YES;
				CLANG_ENABLE_OBJC_WEAK = YES;
				CLANG_WARN_BLOCK_CAPTURE_AUTORELEASING = YES;
				CLANG_WARN_BOOL_CONVERSION = YES;
				CLANG_WARN_COMMA = YES;
				CLANG_WARN_CONSTANT_CONVERSION = YES;
				CLANG_WARN_DEPRECATED_OBJC_IMPLEMENTATIONS = YES;
				CLANG_WARN_DIRECT_OBJC_ISA_USAGE = YES_ERROR;
				CLANG_WARN_DOCUMENTATION_COMMENTS = YES;
				CLANG_WARN_EMPTY_BODY = YES;
				CLANG_WARN_ENUM_CONVERSION = YES;
				CLANG_WARN_INFINITE_RECURSION = YES;
				CLANG_WARN_INT_CONVERSION = YES;
				CLANG_WARN_NON_LITERAL_NULL_CONVERSION = YES;
				CLANG_WARN_OBJC_IMPLICIT_RETAIN_SELF = YES;
				CLANG_WARN_OBJC_LITERAL_CONVERSION = YES;
				CLANG_WARN_OBJC_ROOT_CLASS = YES_ERROR;
				CLANG_WARN_QUOTED_INCLUDE_IN_FRAMEWORK_HEADER = YES;
				CLANG_WARN_RANGE_LOOP_ANALYSIS = YES;
				CLANG_WARN_STRICT_PROTOTYPES = YES;
				CLANG_WARN_SUSPICIOUS_MOVE = YES;
				CLANG_WARN_UNGUARDED_AVAILABILITY = YES_AGGRESSIVE;
				CLANG_WARN_UNREACHABLE_CODE = YES;
				CLANG_WARN__DUPLICATE_METHOD_MATCH = YES;
				COPY_PHASE_STRIP = NO;
				DEBUG_INFORMATION_FORMAT = dwarf;
				ENABLE_STRICT_OBJC_MSGSEND = YES;
				ENABLE_TESTABILITY = YES;
				GCC_C_LANGUAGE_STANDARD = gnu11;
				GCC_DYNAMIC_NO_PIC = NO;
				GCC_NO_COMMON_BLOCKS = YES;
				GCC_OPTIMIZATION_LEVEL = 0;
				GCC_PREPROCESSOR_DEFINITIONS = (
					"DEBUG=1",
					"$(inherited)",
				);
				GCC_WARN_64_TO_32_BIT_CONVERSION = YES;
				GCC_WARN_ABOUT_RETURN_TYPE = YES_ERROR;
				GCC_WARN_UNDECLARED_SELECTOR = YES;
				GCC_WARN_UNINITIALIZED_AUTOS = YES_AGGRESSIVE;
				GCC_WARN_UNUSED_FUNCTION = YES;
				GCC_WARN_UNUSED_VARIABLE = YES;
				IPHONEOS_DEPLOYMENT_TARGET = 14.5;
				MTL_ENABLE_DEBUG_INFO = INCLUDE_SOURCE;
				MTL_FAST_MATH = YES;
				ONLY_ACTIVE_ARCH = YES;
				SDKROOT = iphoneos;
				SWIFT_ACTIVE_COMPILATION_CONDITIONS = DEBUG;
				SWIFT_OPTIMIZATION_LEVEL = "-Onone";
			};
			name = Debug;
		};
		D9BB4F6F26CE2E7A00BB7914 /* Release */ = {
			isa = XCBuildConfiguration;
			buildSettings = {
				ALWAYS_SEARCH_USER_PATHS = NO;
				CLANG_ANALYZER_NONNULL = YES;
				CLANG_ANALYZER_NUMBER_OBJECT_CONVERSION = YES_AGGRESSIVE;
				CLANG_CXX_LANGUAGE_STANDARD = "gnu++14";
				CLANG_CXX_LIBRARY = "libc++";
				CLANG_ENABLE_MODULES = YES;
				CLANG_ENABLE_OBJC_ARC = YES;
				CLANG_ENABLE_OBJC_WEAK = YES;
				CLANG_WARN_BLOCK_CAPTURE_AUTORELEASING = YES;
				CLANG_WARN_BOOL_CONVERSION = YES;
				CLANG_WARN_COMMA = YES;
				CLANG_WARN_CONSTANT_CONVERSION = YES;
				CLANG_WARN_DEPRECATED_OBJC_IMPLEMENTATIONS = YES;
				CLANG_WARN_DIRECT_OBJC_ISA_USAGE = YES_ERROR;
				CLANG_WARN_DOCUMENTATION_COMMENTS = YES;
				CLANG_WARN_EMPTY_BODY = YES;
				CLANG_WARN_ENUM_CONVERSION = YES;
				CLANG_WARN_INFINITE_RECURSION = YES;
				CLANG_WARN_INT_CONVERSION = YES;
				CLANG_WARN_NON_LITERAL_NULL_CONVERSION = YES;
				CLANG_WARN_OBJC_IMPLICIT_RETAIN_SELF = YES;
				CLANG_WARN_OBJC_LITERAL_CONVERSION = YES;
				CLANG_WARN_OBJC_ROOT_CLASS = YES_ERROR;
				CLANG_WARN_QUOTED_INCLUDE_IN_FRAMEWORK_HEADER = YES;
				CLANG_WARN_RANGE_LOOP_ANALYSIS = YES;
				CLANG_WARN_STRICT_PROTOTYPES = YES;
				CLANG_WARN_SUSPICIOUS_MOVE = YES;
				CLANG_WARN_UNGUARDED_AVAILABILITY = YES_AGGRESSIVE;
				CLANG_WARN_UNREACHABLE_CODE = YES;
				CLANG_WARN__DUPLICATE_METHOD_MATCH = YES;
				COPY_PHASE_STRIP = NO;
				DEBUG_INFORMATION_FORMAT = "dwarf-with-dsym";
				ENABLE_NS_ASSERTIONS = NO;
				ENABLE_STRICT_OBJC_MSGSEND = YES;
				GCC_C_LANGUAGE_STANDARD = gnu11;
				GCC_NO_COMMON_BLOCKS = YES;
				GCC_WARN_64_TO_32_BIT_CONVERSION = YES;
				GCC_WARN_ABOUT_RETURN_TYPE = YES_ERROR;
				GCC_WARN_UNDECLARED_SELECTOR = YES;
				GCC_WARN_UNINITIALIZED_AUTOS = YES_AGGRESSIVE;
				GCC_WARN_UNUSED_FUNCTION = YES;
				GCC_WARN_UNUSED_VARIABLE = YES;
				IPHONEOS_DEPLOYMENT_TARGET = 14.5;
				MTL_ENABLE_DEBUG_INFO = NO;
				MTL_FAST_MATH = YES;
				SDKROOT = iphoneos;
				SWIFT_COMPILATION_MODE = wholemodule;
				SWIFT_OPTIMIZATION_LEVEL = "-O";
				VALIDATE_PRODUCT = YES;
			};
			name = Release;
		};
		D9BB4F7126CE2E7A00BB7914 /* Debug */ = {
			isa = XCBuildConfiguration;
			baseConfigurationReference = 7BBB6EC7DE8902F55995EC27 /* Pods-INT.debug.xcconfig */;
			buildSettings = {
				ASSETCATALOG_COMPILER_APPICON_NAME = AppIcon;
				ASSETCATALOG_COMPILER_GLOBAL_ACCENT_COLOR_NAME = AccentColor;
				CLANG_ENABLE_MODULES = YES;
				CLANG_ENABLE_OBJC_ARC = YES;
				CODE_SIGN_STYLE = Automatic;
				DEVELOPMENT_TEAM = 4L85SBL3VW;
				INFOPLIST_FILE = INT/Info.plist;
				LD_RUNPATH_SEARCH_PATHS = (
					"$(inherited)",
					"@executable_path/Frameworks",
				);
				PRODUCT_BUNDLE_IDENTIFIER = com.yuehuig.INT;
				PRODUCT_NAME = "$(TARGET_NAME)";
				SWIFT_OBJC_BRIDGING_HEADER = "INT/SupportingFile/INT-Bridging-Header.h";
				SWIFT_OPTIMIZATION_LEVEL = "-Onone";
				SWIFT_VERSION = 5.0;
				TARGETED_DEVICE_FAMILY = "1,2";
			};
			name = Debug;
		};
		D9BB4F7226CE2E7A00BB7914 /* Release */ = {
			isa = XCBuildConfiguration;
			baseConfigurationReference = D9473B45EEE48E5E481CDEB7 /* Pods-INT.release.xcconfig */;
			buildSettings = {
				ASSETCATALOG_COMPILER_APPICON_NAME = AppIcon;
				ASSETCATALOG_COMPILER_GLOBAL_ACCENT_COLOR_NAME = AccentColor;
				CLANG_ENABLE_MODULES = YES;
				CLANG_ENABLE_OBJC_ARC = YES;
				CODE_SIGN_STYLE = Automatic;
				DEVELOPMENT_TEAM = 4L85SBL3VW;
				INFOPLIST_FILE = INT/Info.plist;
				LD_RUNPATH_SEARCH_PATHS = (
					"$(inherited)",
					"@executable_path/Frameworks",
				);
				PRODUCT_BUNDLE_IDENTIFIER = com.yuehuig.INT;
				PRODUCT_NAME = "$(TARGET_NAME)";
				SWIFT_OBJC_BRIDGING_HEADER = "INT/SupportingFile/INT-Bridging-Header.h";
				SWIFT_VERSION = 5.0;
				TARGETED_DEVICE_FAMILY = "1,2";
			};
			name = Release;
		};
/* End XCBuildConfiguration section */

/* Begin XCConfigurationList section */
		D9BB4F5726CE2E7700BB7914 /* Build configuration list for PBXProject "INT" */ = {
			isa = XCConfigurationList;
			buildConfigurations = (
				D9BB4F6E26CE2E7A00BB7914 /* Debug */,
				D9BB4F6F26CE2E7A00BB7914 /* Release */,
			);
			defaultConfigurationIsVisible = 0;
			defaultConfigurationName = Release;
		};
		D9BB4F7026CE2E7A00BB7914 /* Build configuration list for PBXNativeTarget "INT" */ = {
			isa = XCConfigurationList;
			buildConfigurations = (
				D9BB4F7126CE2E7A00BB7914 /* Debug */,
				D9BB4F7226CE2E7A00BB7914 /* Release */,
			);
			defaultConfigurationIsVisible = 0;
			defaultConfigurationName = Release;
		};
/* End XCConfigurationList section */
	};
	rootObject = D9BB4F5426CE2E7700BB7914 /* Project object */;
}
